// !$*UTF8*$!
{
	archiveVersion = 1;
	classes = {
	};
	objectVersion = 50;
	objects = {

/* Begin PBXBuildFile section */
		F567C44923C912B300B688C6 /* AppDelegate.swift in Sources */ = {isa = PBXBuildFile; fileRef = F567C44823C912B300B688C6 /* AppDelegate.swift */; };
		F567C44B23C912B300B688C6 /* SceneDelegate.swift in Sources */ = {isa = PBXBuildFile; fileRef = F567C44A23C912B300B688C6 /* SceneDelegate.swift */; };
		F567C44D23C912B300B688C6 /* ViewController.swift in Sources */ = {isa = PBXBuildFile; fileRef = F567C44C23C912B300B688C6 /* ViewController.swift */; };
		F567C45023C912B300B688C6 /* Main.storyboard in Resources */ = {isa = PBXBuildFile; fileRef = F567C44E23C912B300B688C6 /* Main.storyboard */; };
		F567C45223C912B400B688C6 /* Assets.xcassets in Resources */ = {isa = PBXBuildFile; fileRef = F567C45123C912B400B688C6 /* Assets.xcassets */; };
		F567C45523C912B400B688C6 /* LaunchScreen.storyboard in Resources */ = {isa = PBXBuildFile; fileRef = F567C45323C912B400B688C6 /* LaunchScreen.storyboard */; };
		F567C45D23C9135300B688C6 /* Places.plist in Resources */ = {isa = PBXBuildFile; fileRef = F567C45C23C9135300B688C6 /* Places.plist */; };
		F567C45F23C9151B00B688C6 /* Place.swift in Sources */ = {isa = PBXBuildFile; fileRef = F567C45E23C9151B00B688C6 /* Place.swift */; };
		F567C46323C9155C00B688C6 /* ic_place.png in Resources */ = {isa = PBXBuildFile; fileRef = F567C46023C9155C00B688C6 /* ic_place.png */; };
		F567C46423C9155C00B688C6 /* ic_place_2x.png in Resources */ = {isa = PBXBuildFile; fileRef = F567C46123C9155C00B688C6 /* ic_place_2x.png */; };
		F567C46523C9155C00B688C6 /* ic_place_3x.png in Resources */ = {isa = PBXBuildFile; fileRef = F567C46223C9155C00B688C6 /* ic_place_3x.png */; };
/* End PBXBuildFile section */

/* Begin PBXFileReference section */
		F567C44523C912B300B688C6 /* OverlayDemo.app */ = {isa = PBXFileReference; explicitFileType = wrapper.application; includeInIndex = 0; path = OverlayDemo.app; sourceTree = BUILT_PRODUCTS_DIR; };
		F567C44823C912B300B688C6 /* AppDelegate.swift */ = {isa = PBXFileReference; lastKnownFileType = sourcecode.swift; path = AppDelegate.swift; sourceTree = "<group>"; };
		F567C44A23C912B300B688C6 /* SceneDelegate.swift */ = {isa = PBXFileReference; lastKnownFileType = sourcecode.swift; path = SceneDelegate.swift; sourceTree = "<group>"; };
		F567C44C23C912B300B688C6 /* ViewController.swift */ = {isa = PBXFileReference; lastKnownFileType = sourcecode.swift; path = ViewController.swift; sourceTree = "<group>"; };
		F567C44F23C912B300B688C6 /* Base */ = {isa = PBXFileReference; lastKnownFileType = file.storyboard; name = Base; path = Base.lproj/Main.storyboard; sourceTree = "<group>"; };
		F567C45123C912B400B688C6 /* Assets.xcassets */ = {isa = PBXFileReference; lastKnownFileType = folder.assetcatalog; path = Assets.xcassets; sourceTree = "<group>"; };
		F567C45423C912B400B688C6 /* Base */ = {isa = PBXFileReference; lastKnownFileType = file.storyboard; name = Base; path = Base.lproj/LaunchScreen.storyboard; sourceTree = "<group>"; };
		F567C45623C912B400B688C6 /* Info.plist */ = {isa = PBXFileReference; lastKnownFileType = text.plist.xml; path = Info.plist; sourceTree = "<group>"; };
		F567C45C23C9135300B688C6 /* Places.plist */ = {isa = PBXFileReference; lastKnownFileType = text.plist.xml; path = Places.plist; sourceTree = "<group>"; };
		F567C45E23C9151B00B688C6 /* Place.swift */ = {isa = PBXFileReference; lastKnownFileType = sourcecode.swift; path = Place.swift; sourceTree = "<group>"; };
		F567C46023C9155C00B688C6 /* ic_place.png */ = {isa = PBXFileReference; lastKnownFileType = image.png; path = ic_place.png; sourceTree = "<group>"; };
		F567C46123C9155C00B688C6 /* ic_place_2x.png */ = {isa = PBXFileReference; lastKnownFileType = image.png; path = ic_place_2x.png; sourceTree = "<group>"; };
		F567C46223C9155C00B688C6 /* ic_place_3x.png */ = {isa = PBXFileReference; lastKnownFileType = image.png; path = ic_place_3x.png; sourceTree = "<group>"; };
/* End PBXFileReference section */

/* Begin PBXFrameworksBuildPhase section */
		F567C44223C912B300B688C6 /* Frameworks */ = {
			isa = PBXFrameworksBuildPhase;
			buildActionMask = 2147483647;
			files = (
			);
			runOnlyForDeploymentPostprocessing = 0;
		};
/* End PBXFrameworksBuildPhase section */

/* Begin PBXGroup section */
		F567C43C23C912B300B688C6 = {
			isa = PBXGroup;
			children = (
				F567C44723C912B300B688C6 /* OverlayDemo */,
				F567C44623C912B300B688C6 /* Products */,
			);
			sourceTree = "<group>";
		};
		F567C44623C912B300B688C6 /* Products */ = {
			isa = PBXGroup;
			children = (
				F567C44523C912B300B688C6 /* OverlayDemo.app */,
			);
			name = Products;
			sourceTree = "<group>";
		};
		F567C44723C912B300B688C6 /* OverlayDemo */ = {
			isa = PBXGroup;
			children = (
				F567C44823C912B300B688C6 /* AppDelegate.swift */,
				F567C44A23C912B300B688C6 /* SceneDelegate.swift */,
				F567C44C23C912B300B688C6 /* ViewController.swift */,
				F567C44E23C912B300B688C6 /* Main.storyboard */,
				F567C45C23C9135300B688C6 /* Places.plist */,
				F567C45123C912B400B688C6 /* Assets.xcassets */,
				F567C46123C9155C00B688C6 /* ic_place_2x.png */,
				F567C46223C9155C00B688C6 /* ic_place_3x.png */,
				F567C46023C9155C00B688C6 /* ic_place.png */,
				F567C45323C912B400B688C6 /* LaunchScreen.storyboard */,
				F567C45623C912B400B688C6 /* Info.plist */,
				F567C45E23C9151B00B688C6 /* Place.swift */,
			);
			path = OverlayDemo;
			sourceTree = "<group>";
		};
/* End PBXGroup section */

/* Begin PBXNativeTarget section */
		F567C44423C912B300B688C6 /* OverlayDemo */ = {
			isa = PBXNativeTarget;
			buildConfigurationList = F567C45923C912B400B688C6 /* Build configuration list for PBXNativeTarget "OverlayDemo" */;
			buildPhases = (
				F567C44123C912B300B688C6 /* Sources */,
				F567C44223C912B300B688C6 /* Frameworks */,
				F567C44323C912B300B688C6 /* Resources */,
			);
			buildRules = (
			);
			dependencies = (
			);
			name = OverlayDemo;
			productName = OverlayDemo;
			productReference = F567C44523C912B300B688C6 /* OverlayDemo.app */;
			productType = "com.apple.product-type.application";
		};
/* End PBXNativeTarget section */

/* Begin PBXProject section */
		F567C43D23C912B300B688C6 /* Project object */ = {
			isa = PBXProject;
			attributes = {
				LastSwiftUpdateCheck = 1130;
				LastUpgradeCheck = 1130;
				ORGANIZATIONNAME = otet_tud;
				TargetAttributes = {
					F567C44423C912B300B688C6 = {
						CreatedOnToolsVersion = 11.3;
					};
				};
			};
			buildConfigurationList = F567C44023C912B300B688C6 /* Build configuration list for PBXProject "OverlayDemo" */;
			compatibilityVersion = "Xcode 9.3";
			developmentRegion = en;
			hasScannedForEncodings = 0;
			knownRegions = (
				en,
				Base,
			);
			mainGroup = F567C43C23C912B300B688C6;
			productRefGroup = F567C44623C912B300B688C6 /* Products */;
			projectDirPath = "";
			projectRoot = "";
			targets = (
				F567C44423C912B300B688C6 /* OverlayDemo */,
			);
		};
/* End PBXProject section */

/* Begin PBXResourcesBuildPhase section */
		F567C44323C912B300B688C6 /* Resources */ = {
			isa = PBXResourcesBuildPhase;
			buildActionMask = 2147483647;
			files = (
				F567C45523C912B400B688C6 /* LaunchScreen.storyboard in Resources */,
				F567C46423C9155C00B688C6 /* ic_place_2x.png in Resources */,
				F567C46523C9155C00B688C6 /* ic_place_3x.png in Resources */,
				F567C45223C912B400B688C6 /* Assets.xcassets in Resources */,
				F567C46323C9155C00B688C6 /* ic_place.png in Resources */,
				F567C45D23C9135300B688C6 /* Places.plist in Resources */,
				F567C45023C912B300B688C6 /* Main.storyboard in Resources */,
			);
			runOnlyForDeploymentPostprocessing = 0;
		};
/* End PBXResourcesBuildPhase section */

/* Begin PBXSourcesBuildPhase section */
		F567C44123C912B300B688C6 /* Sources */ = {
			isa = PBXSourcesBuildPhase;
			buildActionMask = 2147483647;
			files = (
				F567C44D23C912B300B688C6 /* ViewController.swift in Sources */,
				F567C44923C912B300B688C6 /* AppDelegate.swift in Sources */,
				F567C44B23C912B300B688C6 /* SceneDelegate.swift in Sources */,
				F567C45F23C9151B00B688C6 /* Place.swift in Sources */,
			);
			runOnlyForDeploymentPostprocessing = 0;
		};
/* End PBXSourcesBuildPhase section */

/* Begin PBXVariantGroup section */
		F567C44E23C912B300B688C6 /* Main.storyboard */ = {
			isa = PBXVariantGroup;
			children = (
				F567C44F23C912B300B688C6 /* Base */,
			);
			name = Main.storyboard;
			sourceTree = "<group>";
		};
		F567C45323C912B400B688C6 /* LaunchScreen.storyboard */ = {
			isa = PBXVariantGroup;
			children = (
				F567C45423C912B400B688C6 /* Base */,
			);
			name = LaunchScreen.storyboard;
			sourceTree = "<group>";
		};
/* End PBXVariantGroup section */

/* Begin XCBuildConfiguration section */
		F567C45723C912B400B688C6 /* Debug */ = {
			isa = XCBuildConfiguration;
			buildSettings = {
				ALWAYS_SEARCH_USER_PATHS = NO;
				CLANG_ANALYZER_NONNULL = YES;
				CLANG_ANALYZER_NUMBER_OBJECT_CONVERSION = YES_AGGRESSIVE;
				CLANG_CXX_LANGUAGE_STANDARD = "gnu++14";
				CLANG_CXX_LIBRARY = "libc++";
				CLANG_ENABLE_MODULES = YES;
				CLANG_ENABLE_OBJC_ARC = YES;
				CLANG_ENABLE_OBJC_WEAK = YES;
				CLANG_WARN_BLOCK_CAPTURE_AUTORELEASING = YES;
				CLANG_WARN_BOOL_CONVERSION = YES;
				CLANG_WARN_COMMA = YES;
				CLANG_WARN_CONSTANT_CONVERSION = YES;
				CLANG_WARN_DEPRECATED_OBJC_IMPLEMENTATIONS = YES;
				CLANG_WARN_DIRECT_OBJC_ISA_USAGE = YES_ERROR;
				CLANG_WARN_DOCUMENTATION_COMMENTS = YES;
				CLANG_WARN_EMPTY_BODY = YES;
				CLANG_WARN_ENUM_CONVERSION = YES;
				CLANG_WARN_INFINITE_RECURSION = YES;
				CLANG_WARN_INT_CONVERSION = YES;
				CLANG_WARN_NON_LITERAL_NULL_CONVERSION = YES;
				CLANG_WARN_OBJC_IMPLICIT_RETAIN_SELF = YES;
				CLANG_WARN_OBJC_LITERAL_CONVERSION = YES;
				CLANG_WARN_OBJC_ROOT_CLASS = YES_ERROR;
				CLANG_WARN_RANGE_LOOP_ANALYSIS = YES;
				CLANG_WARN_STRICT_PROTOTYPES = YES;
				CLANG_WARN_SUSPICIOUS_MOVE = YES;
				CLANG_WARN_UNGUARDED_AVAILABILITY = YES_AGGRESSIVE;
				CLANG_WARN_UNREACHABLE_CODE = YES;
				CLANG_WARN__DUPLICATE_METHOD_MATCH = YES;
				COPY_PHASE_STRIP = NO;
				DEBUG_INFORMATION_FORMAT = dwarf;
				ENABLE_STRICT_OBJC_MSGSEND = YES;
				ENABLE_TESTABILITY = YES;
				GCC_C_LANGUAGE_STANDARD = gnu11;
				GCC_DYNAMIC_NO_PIC = NO;
				GCC_NO_COMMON_BLOCKS = YES;
				GCC_OPTIMIZATION_LEVEL = 0;
				GCC_PREPROCESSOR_DEFINITIONS = (
					"DEBUG=1",
					"$(inherited)",
				);
				GCC_WARN_64_TO_32_BIT_CONVERSION = YES;
				GCC_WARN_ABOUT_RETURN_TYPE = YES_ERROR;
				GCC_WARN_UNDECLARED_SELECTOR = YES;
				GCC_WARN_UNINITIALIZED_AUTOS = YES_AGGRESSIVE;
				GCC_WARN_UNUSED_FUNCTION = YES;
				GCC_WARN_UNUSED_VARIABLE = YES;
				IPHONEOS_DEPLOYMENT_TARGET = 13.2;
				MTL_ENABLE_DEBUG_INFO = INCLUDE_SOURCE;
				MTL_FAST_MATH = YES;
				ONLY_ACTIVE_ARCH = YES;
				SDKROOT = iphoneos;
				SWIFT_ACTIVE_COMPILATION_CONDITIONS = DEBUG;
				SWIFT_OPTIMIZATION_LEVEL = "-Onone";
			};
			name = Debug;
		};
		F567C45823C912B400B688C6 /* Release */ = {
			isa = XCBuildConfiguration;
			buildSettings = {
				ALWAYS_SEARCH_USER_PATHS = NO;
				CLANG_ANALYZER_NONNULL = YES;
				CLANG_ANALYZER_NUMBER_OBJECT_CONVERSION = YES_AGGRESSIVE;
				CLANG_CXX_LANGUAGE_STANDARD = "gnu++14";
				CLANG_CXX_LIBRARY = "libc++";
				CLANG_ENABLE_MODULES = YES;
				CLANG_ENABLE_OBJC_ARC = YES;
				CLANG_ENABLE_OBJC_WEAK = YES;
				CLANG_WARN_BLOCK_CAPTURE_AUTORELEASING = YES;
				CLANG_WARN_BOOL_CONVERSION = YES;
				CLANG_WARN_COMMA = YES;
				CLANG_WARN_CONSTANT_CONVERSION = YES;
				CLANG_WARN_DEPRECATED_OBJC_IMPLEMENTATIONS = YES;
				CLANG_WARN_DIRECT_OBJC_ISA_USAGE = YES_ERROR;
				CLANG_WARN_DOCUMENTATION_COMMENTS = YES;
				CLANG_WARN_EMPTY_BODY = YES;
				CLANG_WARN_ENUM_CONVERSION = YES;
				CLANG_WARN_INFINITE_RECURSION = YES;
				CLANG_WARN_INT_CONVERSION = YES;
				CLANG_WARN_NON_LITERAL_NULL_CONVERSION = YES;
				CLANG_WARN_OBJC_IMPLICIT_RETAIN_SELF = YES;
				CLANG_WARN_OBJC_LITERAL_CONVERSION = YES;
				CLANG_WARN_OBJC_ROOT_CLASS = YES_ERROR;
				CLANG_WARN_RANGE_LOOP_ANALYSIS = YES;
				CLANG_WARN_STRICT_PROTOTYPES = YES;
				CLANG_WARN_SUSPICIOUS_MOVE = YES;
				CLANG_WARN_UNGUARDED_AVAILABILITY = YES_AGGRESSIVE;
				CLANG_WARN_UNREACHABLE_CODE = YES;
				CLANG_WARN__DUPLICATE_METHOD_MATCH = YES;
				COPY_PHASE_STRIP = NO;
				DEBUG_INFORMATION_FORMAT = "dwarf-with-dsym";
				ENABLE_NS_ASSERTIONS = NO;
				ENABLE_STRICT_OBJC_MSGSEND = YES;
				GCC_C_LANGUAGE_STANDARD = gnu11;
				GCC_NO_COMMON_BLOCKS = YES;
				GCC_WARN_64_TO_32_BIT_CONVERSION = YES;
				GCC_WARN_ABOUT_RETURN_TYPE = YES_ERROR;
				GCC_WARN_UNDECLARED_SELECTOR = YES;
				GCC_WARN_UNINITIALIZED_AUTOS = YES_AGGRESSIVE;
				GCC_WARN_UNUSED_FUNCTION = YES;
				GCC_WARN_UNUSED_VARIABLE = YES;
				IPHONEOS_DEPLOYMENT_TARGET = 13.2;
				MTL_ENABLE_DEBUG_INFO = NO;
				MTL_FAST_MATH = YES;
				SDKROOT = iphoneos;
				SWIFT_COMPILATION_MODE = wholemodule;
				SWIFT_OPTIMIZATION_LEVEL = "-O";
				VALIDATE_PRODUCT = YES;
			};
			name = Release;
		};
		F567C45A23C912B400B688C6 /* Debug */ = {
			isa = XCBuildConfiguration;
			buildSettings = {
				ASSETCATALOG_COMPILER_APPICON_NAME = AppIcon;
				CODE_SIGN_STYLE = Automatic;
				DEVELOPMENT_TEAM = 2695693848;
				INFOPLIST_FILE = OverlayDemo/Info.plist;
				LD_RUNPATH_SEARCH_PATHS = (
					"$(inherited)",
					"@executable_path/Frameworks",
				);
				PRODUCT_BUNDLE_IDENTIFIER = "-114.OverlayDemo";
				PRODUCT_NAME = "$(TARGET_NAME)";
				SWIFT_VERSION = 5.0;
				TARGETED_DEVICE_FAMILY = "1,2";
			};
			name = Debug;
		};
		F567C45B23C912B400B688C6 /* Release */ = {
			isa = XCBuildConfiguration;
			buildSettings = {
				ASSETCATALOG_COMPILER_APPICON_NAME = AppIcon;
				CODE_SIGN_STYLE = Automatic;
				DEVELOPMENT_TEAM = 2695693848;
				INFOPLIST_FILE = OverlayDemo/Info.plist;
				LD_RUNPATH_SEARCH_PATHS = (
					"$(inherited)",
					"@executable_path/Frameworks",
				);
				PRODUCT_BUNDLE_IDENTIFIER = "-114.OverlayDemo";
				PRODUCT_NAME = "$(TARGET_NAME)";
				SWIFT_VERSION = 5.0;
				TARGETED_DEVICE_FAMILY = "1,2";
			};
			name = Release;
		};
/* End XCBuildConfiguration section */

/* Begin XCConfigurationList section */
		F567C44023C912B300B688C6 /* Build configuration list for PBXProject "OverlayDemo" */ = {
			isa = XCConfigurationList;
			buildConfigurations = (
				F567C45723C912B400B688C6 /* Debug */,
				F567C45823C912B400B688C6 /* Release */,
			);
			defaultConfigurationIsVisible = 0;
			defaultConfigurationName = Release;
		};
		F567C45923C912B400B688C6 /* Build configuration list for PBXNativeTarget "OverlayDemo" */ = {
			isa = XCConfigurationList;
			buildConfigurations = (
				F567C45A23C912B400B688C6 /* Debug */,
				F567C45B23C912B400B688C6 /* Release */,
			);
			defaultConfigurationIsVisible = 0;
			defaultConfigurationName = Release;
		};
/* End XCConfigurationList section */
	};
	rootObject = F567C43D23C912B300B688C6 /* Project object */;
}
